
Microsoft Visual Studio Solution File, Format Version 11.00
# Visual Studio 2010
Project("{FAE04EC0-301F-11D3-BF4B-00C04F79EFBC}") = "Ninject.Extensions.NamedScope", "src\Ninject.Extensions.NamedScope\Ninject.Extensions.NamedScope.csproj", "{1B7349D1-821C-4429-9BA8-7D0F62C42EF7}"
EndProject
Project("{FAE04EC0-301F-11D3-BF4B-00C04F79EFBC}") = "Ninject.Extensions.NamedScope.Test", "src\Ninject.Extensions.NamedScope.Test\Ninject.Extensions.NamedScope.Test.csproj", "{47619AA4-43FB-4424-8D0D-4020FA8FDC92}"
EndProject
Project("{FAE04EC0-301F-11D3-BF4B-00C04F79EFBC}") = "Ninject.Extensions.NamedScope.SilverlightTests", "src\Ninject.Extensions.NamedScope.SilverlightTests\Ninject.Extensions.NamedScope.SilverlightTests.csproj", "{EA49B9F7-0A3C-410D-B457-B20F9353C49C}"
EndProject
Project("{FAE04EC0-301F-11D3-BF4B-00C04F79EFBC}") = "Ninject.Extensions.NamedScope.WindowsPhone7Tests", "src\Ninject.Extensions.NamedScope.WindowsPhone7Tests\Ninject.Extensions.NamedScope.WindowsPhone7Tests.csproj", "{BECDA738-C474-4D79-AC0F-6CBEEEAD183F}"
EndProject
Global
	GlobalSection(SolutionConfigurationPlatforms) = preSolution
		Debug|Any CPU = Debug|Any CPU
		Release|Any CPU = Release|Any CPU
	EndGlobalSection
	GlobalSection(ProjectConfigurationPlatforms) = postSolution
		{1B7349D1-821C-4429-9BA8-7D0F62C42EF7}.Debug|Any CPU.ActiveCfg = Debug|Any CPU
		{1B7349D1-821C-4429-9BA8-7D0F62C42EF7}.Debug|Any CPU.Build.0 = Debug|Any CPU
		{1B7349D1-821C-4429-9BA8-7D0F62C42EF7}.Release|Any CPU.ActiveCfg = Release|Any CPU
		{1B7349D1-821C-4429-9BA8-7D0F62C42EF7}.Release|Any CPU.Build.0 = Release|Any CPU
		{47619AA4-43FB-4424-8D0D-4020FA8FDC92}.Debug|Any CPU.ActiveCfg = Debug|Any CPU
		{47619AA4-43FB-4424-8D0D-4020FA8FDC92}.Debug|Any CPU.Build.0 = Debug|Any CPU
		{47619AA4-43FB-4424-8D0D-4020FA8FDC92}.Release|Any CPU.ActiveCfg = Release|Any CPU
		{47619AA4-43FB-4424-8D0D-4020FA8FDC92}.Release|Any CPU.Build.0 = Release|Any CPU
		{EA49B9F7-0A3C-410D-B457-B20F9353C49C}.Debug|Any CPU.ActiveCfg = Debug|Any CPU
		{EA49B9F7-0A3C-410D-B457-B20F9353C49C}.Debug|Any CPU.Build.0 = Debug|Any CPU
		{EA49B9F7-0A3C-410D-B457-B20F9353C49C}.Release|Any CPU.ActiveCfg = Release|Any CPU
		{EA49B9F7-0A3C-410D-B457-B20F9353C49C}.Release|Any CPU.Build.0 = Release|Any CPU
		{BECDA738-C474-4D79-AC0F-6CBEEEAD183F}.Debug|Any CPU.ActiveCfg = Debug|Any CPU
		{BECDA738-C474-4D79-AC0F-6CBEEEAD183F}.Debug|Any CPU.Build.0 = Debug|Any CPU
		{BECDA738-C474-4D79-AC0F-6CBEEEAD183F}.Debug|Any CPU.Deploy.0 = Debug|Any CPU
		{BECDA738-C474-4D79-AC0F-6CBEEEAD183F}.Release|Any CPU.ActiveCfg = Release|Any CPU
		{BECDA738-C474-4D79-AC0F-6CBEEEAD183F}.Release|Any CPU.Build.0 = Release|Any CPU
		{BECDA738-C474-4D79-AC0F-6CBEEEAD183F}.Release|Any CPU.Deploy.0 = Release|Any CPU
	EndGlobalSection
	GlobalSection(SolutionProperties) = preSolution
		HideSolutionNode = FALSE
	EndGlobalSection
EndGlobal
